
Microsoft Visual Studio Solution File, Format Version 12.00
# Visual Studio Version 17
VisualStudioVersion = 17.8.34511.84
MinimumVisualStudioVersion = 10.0.40219.1
Project("{9A19103F-16F7-4668-BE54-9A1E7A4F7556}") = "HMS", "HMS\HMS.csproj", "{89BED0C8-E6BD-4D31-BF09-4EFF3E51079E}"
EndProject
Project("{9A19103F-16F7-4668-BE54-9A1E7A4F7556}") = "HMS.Infrastructure", "HMS.Infrastructure\HMS.Infrastructure.csproj", "{ED209A9E-1C0D-4D29-B107-274EB7CD038A}"
EndProject
Project("{9A19103F-16F7-4668-BE54-9A1E7A4F7556}") = "HMS.Model", "HMS.Model\HMS.Model.csproj", "{1ED0C505-7056-4924-94AE-6794955A2F34}"
EndProject
Project("{9A19103F-16F7-4668-BE54-9A1E7A4F7556}") = "HMS.Service", "HMS.Service\HMS.Service.csproj", "{89C51007-833C-4884-9597-C3D6A2B95D66}"
EndProject
Global
	GlobalSection(SolutionConfigurationPlatforms) = preSolution
		Debug|Any CPU = Debug|Any CPU
		Release|Any CPU = Release|Any CPU
	EndGlobalSection
	GlobalSection(ProjectConfigurationPlatforms) = postSolution
		{89BED0C8-E6BD-4D31-BF09-4EFF3E51079E}.Debug|Any CPU.ActiveCfg = Debug|Any CPU
		{89BED0C8-E6BD-4D31-BF09-4EFF3E51079E}.Debug|Any CPU.Build.0 = Debug|Any CPU
		{89BED0C8-E6BD-4D31-BF09-4EFF3E51079E}.Release|Any CPU.ActiveCfg = Release|Any CPU
		{89BED0C8-E6BD-4D31-BF09-4EFF3E51079E}.Release|Any CPU.Build.0 = Release|Any CPU
		{ED209A9E-1C0D-4D29-B107-274EB7CD038A}.Debug|Any CPU.ActiveCfg = Debug|Any CPU
		{ED209A9E-1C0D-4D29-B107-274EB7CD038A}.Debug|Any CPU.Build.0 = Debug|Any CPU
		{ED209A9E-1C0D-4D29-B107-274EB7CD038A}.Release|Any CPU.ActiveCfg = Release|Any CPU
		{ED209A9E-1C0D-4D29-B107-274EB7CD038A}.Release|Any CPU.Build.0 = Release|Any CPU
		{1ED0C505-7056-4924-94AE-6794955A2F34}.Debug|Any CPU.ActiveCfg = Debug|Any CPU
		{1ED0C505-7056-4924-94AE-6794955A2F34}.Debug|Any CPU.Build.0 = Debug|Any CPU
		{1ED0C505-7056-4924-94AE-6794955A2F34}.Release|Any CPU.ActiveCfg = Release|Any CPU
		{1ED0C505-7056-4924-94AE-6794955A2F34}.Release|Any CPU.Build.0 = Release|Any CPU
		{89C51007-833C-4884-9597-C3D6A2B95D66}.Debug|Any CPU.ActiveCfg = Debug|Any CPU
		{89C51007-833C-4884-9597-C3D6A2B95D66}.Debug|Any CPU.Build.0 = Debug|Any CPU
		{89C51007-833C-4884-9597-C3D6A2B95D66}.Release|Any CPU.ActiveCfg = Release|Any CPU
		{89C51007-833C-4884-9597-C3D6A2B95D66}.Release|Any CPU.Build.0 = Release|Any CPU
	EndGlobalSection
	GlobalSection(SolutionProperties) = preSolution
		HideSolutionNode = FALSE
	EndGlobalSection
	GlobalSection(ExtensibilityGlobals) = postSolution
		SolutionGuid = {6F055726-75A1-4507-BB6B-677CB2ADC831}
	EndGlobalSection
EndGlobal
